// !$*UTF8*$!
{
	archiveVersion = 1;
	classes = {
	};
	objectVersion = 46;
	objects = {

/* Begin PBXBuildFile section */
		4AB64E28185B767A00D64442 /* Foundation.framework in Frameworks */ = {isa = PBXBuildFile; fileRef = 4AB64E27185B767A00D64442 /* Foundation.framework */; };
		4AB64E2A185B767A00D64442 /* CoreGraphics.framework in Frameworks */ = {isa = PBXBuildFile; fileRef = 4AB64E29185B767A00D64442 /* CoreGraphics.framework */; };
		4AB64E2C185B767A00D64442 /* UIKit.framework in Frameworks */ = {isa = PBXBuildFile; fileRef = 4AB64E2B185B767A00D64442 /* UIKit.framework */; };
		4AB64E32185B767A00D64442 /* InfoPlist.strings in Resources */ = {isa = PBXBuildFile; fileRef = 4AB64E30185B767A00D64442 /* InfoPlist.strings */; };
		4AB64E34185B767A00D64442 /* main.m in Sources */ = {isa = PBXBuildFile; fileRef = 4AB64E33185B767A00D64442 /* main.m */; };
		4AB64E38185B767A00D64442 /* AppDelegate.m in Sources */ = {isa = PBXBuildFile; fileRef = 4AB64E37185B767A00D64442 /* AppDelegate.m */; };
		4AB64E3A185B767A00D64442 /* Images.xcassets in Resources */ = {isa = PBXBuildFile; fileRef = 4AB64E39185B767A00D64442 /* Images.xcassets */; };
		4AB64E41185B767A00D64442 /* XCTest.framework in Frameworks */ = {isa = PBXBuildFile; fileRef = 4AB64E40185B767A00D64442 /* XCTest.framework */; };
		4AB64E42185B767A00D64442 /* Foundation.framework in Frameworks */ = {isa = PBXBuildFile; fileRef = 4AB64E27185B767A00D64442 /* Foundation.framework */; };
		4AB64E43185B767A00D64442 /* UIKit.framework in Frameworks */ = {isa = PBXBuildFile; fileRef = 4AB64E2B185B767A00D64442 /* UIKit.framework */; };
		4AB64E4B185B767A00D64442 /* InfoPlist.strings in Resources */ = {isa = PBXBuildFile; fileRef = 4AB64E49185B767A00D64442 /* InfoPlist.strings */; };
		4AB64E4D185B767A00D64442 /* _0MissionTests.m in Sources */ = {isa = PBXBuildFile; fileRef = 4AB64E4C185B767A00D64442 /* _0MissionTests.m */; };
		4AB64E5D185B794300D64442 /* RWHomeViewController.m in Sources */ = {isa = PBXBuildFile; fileRef = 4AB64E5C185B794300D64442 /* RWHomeViewController.m */; };
		4AB7F108185BA1DA003974E6 /* Door1.png in Resources */ = {isa = PBXBuildFile; fileRef = 4AB7F0DE185BA1DA003974E6 /* Door1.png */; };
		4AB7F109185BA1DA003974E6 /* Door2.png in Resources */ = {isa = PBXBuildFile; fileRef = 4AB7F0DF185BA1DA003974E6 /* Door2.png */; };
		4AB7F10A185BA1DA003974E6 /* Door3.png in Resources */ = {isa = PBXBuildFile; fileRef = 4AB7F0E0185BA1DA003974E6 /* Door3.png */; };
		4AB7F10B185BA1DA003974E6 /* Door4.png in Resources */ = {isa = PBXBuildFile; fileRef = 4AB7F0E1185BA1DA003974E6 /* Door4.png */; };
		4AB7F10C185BA1DA003974E6 /* Door5.png in Resources */ = {isa = PBXBuildFile; fileRef = 4AB7F0E2185BA1DA003974E6 /* Door5.png */; };
		4AB7F10D185BA1DA003974E6 /* Door6.png in Resources */ = {isa = PBXBuildFile; fileRef = 4AB7F0E3185BA1DA003974E6 /* Door6.png */; };
		4AB7F10E185BA1DA003974E6 /* Door7.png in Resources */ = {isa = PBXBuildFile; fileRef = 4AB7F0E4185BA1DA003974E6 /* Door7.png */; };
		4AB7F10F185BA1DA003974E6 /* Door8.png in Resources */ = {isa = PBXBuildFile; fileRef = 4AB7F0E5185BA1DA003974E6 /* Door8.png */; };
		4AB7F110185BA1DA003974E6 /* Door9.png in Resources */ = {isa = PBXBuildFile; fileRef = 4AB7F0E6185BA1DA003974E6 /* Door9.png */; };
		4AB7F111185BA1DA003974E6 /* Door10.png in Resources */ = {isa = PBXBuildFile; fileRef = 4AB7F0E7185BA1DA003974E6 /* Door10.png */; };
		4AB7F112185BA1DA003974E6 /* Door11.png in Resources */ = {isa = PBXBuildFile; fileRef = 4AB7F0E8185BA1DA003974E6 /* Door11.png */; };
		4AB7F113185BA1DA003974E6 /* Door12.png in Resources */ = {isa = PBXBuildFile; fileRef = 4AB7F0E9185BA1DA003974E6 /* Door12.png */; };
		4AB7F114185BA1DA003974E6 /* Door13.png in Resources */ = {isa = PBXBuildFile; fileRef = 4AB7F0EA185BA1DA003974E6 /* Door13.png */; };
		4AB7F115185BA1DA003974E6 /* Door14.png in Resources */ = {isa = PBXBuildFile; fileRef = 4AB7F0EB185BA1DA003974E6 /* Door14.png */; };
		4AB7F116185BA1DA003974E6 /* Door15.png in Resources */ = {isa = PBXBuildFile; fileRef = 4AB7F0EC185BA1DA003974E6 /* Door15.png */; };
		4AB7F117185BA1DA003974E6 /* Door16.png in Resources */ = {isa = PBXBuildFile; fileRef = 4AB7F0ED185BA1DA003974E6 /* Door16.png */; };
		4AB7F118185BA1DA003974E6 /* Door17.png in Resources */ = {isa = PBXBuildFile; fileRef = 4AB7F0EE185BA1DA003974E6 /* Door17.png */; };
		4AB7F119185BA1DA003974E6 /* Door18.png in Resources */ = {isa = PBXBuildFile; fileRef = 4AB7F0EF185BA1DA003974E6 /* Door18.png */; };
		4AB7F11A185BA1DA003974E6 /* Door19.png in Resources */ = {isa = PBXBuildFile; fileRef = 4AB7F0F0185BA1DA003974E6 /* Door19.png */; };
		4AB7F11B185BA1DA003974E6 /* Door20.png in Resources */ = {isa = PBXBuildFile; fileRef = 4AB7F0F1185BA1DA003974E6 /* Door20.png */; };
		4AB7F11C185BA1DA003974E6 /* Door21.png in Resources */ = {isa = PBXBuildFile; fileRef = 4AB7F0F2185BA1DA003974E6 /* Door21.png */; };
		4AB7F11D185BA1DA003974E6 /* Door22.png in Resources */ = {isa = PBXBuildFile; fileRef = 4AB7F0F3185BA1DA003974E6 /* Door22.png */; };
		4AB7F11E185BA1DA003974E6 /* Door23.png in Resources */ = {isa = PBXBuildFile; fileRef = 4AB7F0F4185BA1DA003974E6 /* Door23.png */; };
		4AB7F11F185BA1DA003974E6 /* Door24.png in Resources */ = {isa = PBXBuildFile; fileRef = 4AB7F0F5185BA1DA003974E6 /* Door24.png */; };
		4AB7F120185BA1DA003974E6 /* Door25.png in Resources */ = {isa = PBXBuildFile; fileRef = 4AB7F0F6185BA1DA003974E6 /* Door25.png */; };
		4AB7F121185BA1DA003974E6 /* Door26.png in Resources */ = {isa = PBXBuildFile; fileRef = 4AB7F0F7185BA1DA003974E6 /* Door26.png */; };
		4AB7F122185BA1DA003974E6 /* Door27.png in Resources */ = {isa = PBXBuildFile; fileRef = 4AB7F0F8185BA1DA003974E6 /* Door27.png */; };
		4AB7F123185BA1DA003974E6 /* Door28.png in Resources */ = {isa = PBXBuildFile; fileRef = 4AB7F0F9185BA1DA003974E6 /* Door28.png */; };
		4AB7F124185BA1DA003974E6 /* Door29.png in Resources */ = {isa = PBXBuildFile; fileRef = 4AB7F0FA185BA1DA003974E6 /* Door29.png */; };
		4AB7F125185BA1DA003974E6 /* Door30.png in Resources */ = {isa = PBXBuildFile; fileRef = 4AB7F0FB185BA1DA003974E6 /* Door30.png */; };
		4AB7F126185BA1DA003974E6 /* Door31.png in Resources */ = {isa = PBXBuildFile; fileRef = 4AB7F0FC185BA1DA003974E6 /* Door31.png */; };
		4AB7F127185BA1DA003974E6 /* Door32.png in Resources */ = {isa = PBXBuildFile; fileRef = 4AB7F0FD185BA1DA003974E6 /* Door32.png */; };
		4AB7F128185BA1DA003974E6 /* Door33.png in Resources */ = {isa = PBXBuildFile; fileRef = 4AB7F0FE185BA1DA003974E6 /* Door33.png */; };
		4AB7F129185BA1DA003974E6 /* Door34.png in Resources */ = {isa = PBXBuildFile; fileRef = 4AB7F0FF185BA1DA003974E6 /* Door34.png */; };
		4AB7F12A185BA1DA003974E6 /* Door35.png in Resources */ = {isa = PBXBuildFile; fileRef = 4AB7F100185BA1DA003974E6 /* Door35.png */; };
		4AB7F12B185BA1DA003974E6 /* Door36.png in Resources */ = {isa = PBXBuildFile; fileRef = 4AB7F101185BA1DA003974E6 /* Door36.png */; };
		4AB7F12C185BA1DA003974E6 /* Door37.png in Resources */ = {isa = PBXBuildFile; fileRef = 4AB7F102185BA1DA003974E6 /* Door37.png */; };
		4AB7F12D185BA1DA003974E6 /* Door38.png in Resources */ = {isa = PBXBuildFile; fileRef = 4AB7F103185BA1DA003974E6 /* Door38.png */; };
		4AB7F12E185BA1DA003974E6 /* Door39.png in Resources */ = {isa = PBXBuildFile; fileRef = 4AB7F104185BA1DA003974E6 /* Door39.png */; };
		4AB7F12F185BA1DA003974E6 /* Door40.png in Resources */ = {isa = PBXBuildFile; fileRef = 4AB7F105185BA1DA003974E6 /* Door40.png */; };
		4AB7F130185BA1DA003974E6 /* Door41.png in Resources */ = {isa = PBXBuildFile; fileRef = 4AB7F106185BA1DA003974E6 /* Door41.png */; };
		4AB7F131185BA1DA003974E6 /* Door42.png in Resources */ = {isa = PBXBuildFile; fileRef = 4AB7F107185BA1DA003974E6 /* Door42.png */; };
		4AFB4EEF185B8BA6009447EF /* RWDoorCollectionViewCell.m in Sources */ = {isa = PBXBuildFile; fileRef = 4AFB4EEE185B8BA6009447EF /* RWDoorCollectionViewCell.m */; };
/* End PBXBuildFile section */

/* Begin PBXContainerItemProxy section */
		4AB64E44185B767A00D64442 /* PBXContainerItemProxy */ = {
			isa = PBXContainerItemProxy;
			containerPortal = 4AB64E1C185B767A00D64442 /* Project object */;
			proxyType = 1;
			remoteGlobalIDString = 4AB64E23185B767A00D64442;
			remoteInfo = 20Mission;
		};
/* End PBXContainerItemProxy section */

/* Begin PBXFileReference section */
		4AB64E24185B767A00D64442 /* 20Mission.app */ = {isa = PBXFileReference; explicitFileType = wrapper.application; includeInIndex = 0; path = 20Mission.app; sourceTree = BUILT_PRODUCTS_DIR; };
		4AB64E27185B767A00D64442 /* Foundation.framework */ = {isa = PBXFileReference; lastKnownFileType = wrapper.framework; name = Foundation.framework; path = System/Library/Frameworks/Foundation.framework; sourceTree = SDKROOT; };
		4AB64E29185B767A00D64442 /* CoreGraphics.framework */ = {isa = PBXFileReference; lastKnownFileType = wrapper.framework; name = CoreGraphics.framework; path = System/Library/Frameworks/CoreGraphics.framework; sourceTree = SDKROOT; };
		4AB64E2B185B767A00D64442 /* UIKit.framework */ = {isa = PBXFileReference; lastKnownFileType = wrapper.framework; name = UIKit.framework; path = System/Library/Frameworks/UIKit.framework; sourceTree = SDKROOT; };
		4AB64E2F185B767A00D64442 /* 20Mission-Info.plist */ = {isa = PBXFileReference; lastKnownFileType = text.plist.xml; path = "20Mission-Info.plist"; sourceTree = "<group>"; };
		4AB64E31185B767A00D64442 /* en */ = {isa = PBXFileReference; lastKnownFileType = text.plist.strings; name = en; path = en.lproj/InfoPlist.strings; sourceTree = "<group>"; };
		4AB64E33185B767A00D64442 /* main.m */ = {isa = PBXFileReference; lastKnownFileType = sourcecode.c.objc; path = main.m; sourceTree = "<group>"; };
		4AB64E35185B767A00D64442 /* 20Mission-Prefix.pch */ = {isa = PBXFileReference; lastKnownFileType = sourcecode.c.h; path = "20Mission-Prefix.pch"; sourceTree = "<group>"; };
		4AB64E36185B767A00D64442 /* AppDelegate.h */ = {isa = PBXFileReference; lastKnownFileType = sourcecode.c.h; path = AppDelegate.h; sourceTree = "<group>"; };
		4AB64E37185B767A00D64442 /* AppDelegate.m */ = {isa = PBXFileReference; lastKnownFileType = sourcecode.c.objc; path = AppDelegate.m; sourceTree = "<group>"; };
		4AB64E39185B767A00D64442 /* Images.xcassets */ = {isa = PBXFileReference; lastKnownFileType = folder.assetcatalog; path = Images.xcassets; sourceTree = "<group>"; };
		4AB64E3F185B767A00D64442 /* 20MissionTests.xctest */ = {isa = PBXFileReference; explicitFileType = wrapper.cfbundle; includeInIndex = 0; path = 20MissionTests.xctest; sourceTree = BUILT_PRODUCTS_DIR; };
		4AB64E40185B767A00D64442 /* XCTest.framework */ = {isa = PBXFileReference; lastKnownFileType = wrapper.framework; name = XCTest.framework; path = Library/Frameworks/XCTest.framework; sourceTree = DEVELOPER_DIR; };
		4AB64E48185B767A00D64442 /* 20MissionTests-Info.plist */ = {isa = PBXFileReference; lastKnownFileType = text.plist.xml; path = "20MissionTests-Info.plist"; sourceTree = "<group>"; };
		4AB64E4A185B767A00D64442 /* en */ = {isa = PBXFileReference; lastKnownFileType = text.plist.strings; name = en; path = en.lproj/InfoPlist.strings; sourceTree = "<group>"; };
		4AB64E4C185B767A00D64442 /* _0MissionTests.m */ = {isa = PBXFileReference; lastKnownFileType = sourcecode.c.objc; path = _0MissionTests.m; sourceTree = "<group>"; };
		4AB64E5B185B794200D64442 /* RWHomeViewController.h */ = {isa = PBXFileReference; fileEncoding = 4; lastKnownFileType = sourcecode.c.h; path = RWHomeViewController.h; sourceTree = "<group>"; };
		4AB64E5C185B794300D64442 /* RWHomeViewController.m */ = {isa = PBXFileReference; fileEncoding = 4; lastKnownFileType = sourcecode.c.objc; path = RWHomeViewController.m; sourceTree = "<group>"; };
		4AB7F0DE185BA1DA003974E6 /* Door1.png */ = {isa = PBXFileReference; lastKnownFileType = image.png; name = Door1.png; path = images/Door1.png; sourceTree = "<group>"; };
		4AB7F0DF185BA1DA003974E6 /* Door2.png */ = {isa = PBXFileReference; lastKnownFileType = image.png; name = Door2.png; path = images/Door2.png; sourceTree = "<group>"; };
		4AB7F0E0185BA1DA003974E6 /* Door3.png */ = {isa = PBXFileReference; lastKnownFileType = image.png; name = Door3.png; path = images/Door3.png; sourceTree = "<group>"; };
		4AB7F0E1185BA1DA003974E6 /* Door4.png */ = {isa = PBXFileReference; lastKnownFileType = image.png; name = Door4.png; path = images/Door4.png; sourceTree = "<group>"; };
		4AB7F0E2185BA1DA003974E6 /* Door5.png */ = {isa = PBXFileReference; lastKnownFileType = image.png; name = Door5.png; path = images/Door5.png; sourceTree = "<group>"; };
		4AB7F0E3185BA1DA003974E6 /* Door6.png */ = {isa = PBXFileReference; lastKnownFileType = image.png; name = Door6.png; path = images/Door6.png; sourceTree = "<group>"; };
		4AB7F0E4185BA1DA003974E6 /* Door7.png */ = {isa = PBXFileReference; lastKnownFileType = image.png; name = Door7.png; path = images/Door7.png; sourceTree = "<group>"; };
		4AB7F0E5185BA1DA003974E6 /* Door8.png */ = {isa = PBXFileReference; lastKnownFileType = image.png; name = Door8.png; path = images/Door8.png; sourceTree = "<group>"; };
		4AB7F0E6185BA1DA003974E6 /* Door9.png */ = {isa = PBXFileReference; lastKnownFileType = image.png; name = Door9.png; path = images/Door9.png; sourceTree = "<group>"; };
		4AB7F0E7185BA1DA003974E6 /* Door10.png */ = {isa = PBXFileReference; lastKnownFileType = image.png; name = Door10.png; path = images/Door10.png; sourceTree = "<group>"; };
		4AB7F0E8185BA1DA003974E6 /* Door11.png */ = {isa = PBXFileReference; lastKnownFileType = image.png; name = Door11.png; path = images/Door11.png; sourceTree = "<group>"; };
		4AB7F0E9185BA1DA003974E6 /* Door12.png */ = {isa = PBXFileReference; lastKnownFileType = image.png; name = Door12.png; path = images/Door12.png; sourceTree = "<group>"; };
		4AB7F0EA185BA1DA003974E6 /* Door13.png */ = {isa = PBXFileReference; lastKnownFileType = image.png; name = Door13.png; path = images/Door13.png; sourceTree = "<group>"; };
		4AB7F0EB185BA1DA003974E6 /* Door14.png */ = {isa = PBXFileReference; lastKnownFileType = image.png; name = Door14.png; path = images/Door14.png; sourceTree = "<group>"; };
		4AB7F0EC185BA1DA003974E6 /* Door15.png */ = {isa = PBXFileReference; lastKnownFileType = image.png; name = Door15.png; path = images/Door15.png; sourceTree = "<group>"; };
		4AB7F0ED185BA1DA003974E6 /* Door16.png */ = {isa = PBXFileReference; lastKnownFileType = image.png; name = Door16.png; path = images/Door16.png; sourceTree = "<group>"; };
		4AB7F0EE185BA1DA003974E6 /* Door17.png */ = {isa = PBXFileReference; lastKnownFileType = image.png; name = Door17.png; path = images/Door17.png; sourceTree = "<group>"; };
		4AB7F0EF185BA1DA003974E6 /* Door18.png */ = {isa = PBXFileReference; lastKnownFileType = image.png; name = Door18.png; path = images/Door18.png; sourceTree = "<group>"; };
		4AB7F0F0185BA1DA003974E6 /* Door19.png */ = {isa = PBXFileReference; lastKnownFileType = image.png; name = Door19.png; path = images/Door19.png; sourceTree = "<group>"; };
		4AB7F0F1185BA1DA003974E6 /* Door20.png */ = {isa = PBXFileReference; lastKnownFileType = image.png; name = Door20.png; path = images/Door20.png; sourceTree = "<group>"; };
		4AB7F0F2185BA1DA003974E6 /* Door21.png */ = {isa = PBXFileReference; lastKnownFileType = image.png; name = Door21.png; path = images/Door21.png; sourceTree = "<group>"; };
		4AB7F0F3185BA1DA003974E6 /* Door22.png */ = {isa = PBXFileReference; lastKnownFileType = image.png; name = Door22.png; path = images/Door22.png; sourceTree = "<group>"; };
		4AB7F0F4185BA1DA003974E6 /* Door23.png */ = {isa = PBXFileReference; lastKnownFileType = image.png; name = Door23.png; path = images/Door23.png; sourceTree = "<group>"; };
		4AB7F0F5185BA1DA003974E6 /* Door24.png */ = {isa = PBXFileReference; lastKnownFileType = image.png; name = Door24.png; path = images/Door24.png; sourceTree = "<group>"; };
		4AB7F0F6185BA1DA003974E6 /* Door25.png */ = {isa = PBXFileReference; lastKnownFileType = image.png; name = Door25.png; path = images/Door25.png; sourceTree = "<group>"; };
		4AB7F0F7185BA1DA003974E6 /* Door26.png */ = {isa = PBXFileReference; lastKnownFileType = image.png; name = Door26.png; path = images/Door26.png; sourceTree = "<group>"; };
		4AB7F0F8185BA1DA003974E6 /* Door27.png */ = {isa = PBXFileReference; lastKnownFileType = image.png; name = Door27.png; path = images/Door27.png; sourceTree = "<group>"; };
		4AB7F0F9185BA1DA003974E6 /* Door28.png */ = {isa = PBXFileReference; lastKnownFileType = image.png; name = Door28.png; path = images/Door28.png; sourceTree = "<group>"; };
		4AB7F0FA185BA1DA003974E6 /* Door29.png */ = {isa = PBXFileReference; lastKnownFileType = image.png; name = Door29.png; path = images/Door29.png; sourceTree = "<group>"; };
		4AB7F0FB185BA1DA003974E6 /* Door30.png */ = {isa = PBXFileReference; lastKnownFileType = image.png; name = Door30.png; path = images/Door30.png; sourceTree = "<group>"; };
		4AB7F0FC185BA1DA003974E6 /* Door31.png */ = {isa = PBXFileReference; lastKnownFileType = image.png; name = Door31.png; path = images/Door31.png; sourceTree = "<group>"; };
		4AB7F0FD185BA1DA003974E6 /* Door32.png */ = {isa = PBXFileReference; lastKnownFileType = image.png; name = Door32.png; path = images/Door32.png; sourceTree = "<group>"; };
		4AB7F0FE185BA1DA003974E6 /* Door33.png */ = {isa = PBXFileReference; lastKnownFileType = image.png; name = Door33.png; path = images/Door33.png; sourceTree = "<group>"; };
		4AB7F0FF185BA1DA003974E6 /* Door34.png */ = {isa = PBXFileReference; lastKnownFileType = image.png; name = Door34.png; path = images/Door34.png; sourceTree = "<group>"; };
		4AB7F100185BA1DA003974E6 /* Door35.png */ = {isa = PBXFileReference; lastKnownFileType = image.png; name = Door35.png; path = images/Door35.png; sourceTree = "<group>"; };
		4AB7F101185BA1DA003974E6 /* Door36.png */ = {isa = PBXFileReference; lastKnownFileType = image.png; name = Door36.png; path = images/Door36.png; sourceTree = "<group>"; };
		4AB7F102185BA1DA003974E6 /* Door37.png */ = {isa = PBXFileReference; lastKnownFileType = image.png; name = Door37.png; path = images/Door37.png; sourceTree = "<group>"; };
		4AB7F103185BA1DA003974E6 /* Door38.png */ = {isa = PBXFileReference; lastKnownFileType = image.png; name = Door38.png; path = images/Door38.png; sourceTree = "<group>"; };
		4AB7F104185BA1DA003974E6 /* Door39.png */ = {isa = PBXFileReference; lastKnownFileType = image.png; name = Door39.png; path = images/Door39.png; sourceTree = "<group>"; };
		4AB7F105185BA1DA003974E6 /* Door40.png */ = {isa = PBXFileReference; lastKnownFileType = image.png; name = Door40.png; path = images/Door40.png; sourceTree = "<group>"; };
		4AB7F106185BA1DA003974E6 /* Door41.png */ = {isa = PBXFileReference; lastKnownFileType = image.png; name = Door41.png; path = images/Door41.png; sourceTree = "<group>"; };
		4AB7F107185BA1DA003974E6 /* Door42.png */ = {isa = PBXFileReference; lastKnownFileType = image.png; name = Door42.png; path = images/Door42.png; sourceTree = "<group>"; };
		4AFB4EED185B8BA6009447EF /* RWDoorCollectionViewCell.h */ = {isa = PBXFileReference; fileEncoding = 4; lastKnownFileType = sourcecode.c.h; path = RWDoorCollectionViewCell.h; sourceTree = "<group>"; };
		4AFB4EEE185B8BA6009447EF /* RWDoorCollectionViewCell.m */ = {isa = PBXFileReference; fileEncoding = 4; lastKnownFileType = sourcecode.c.objc; path = RWDoorCollectionViewCell.m; sourceTree = "<group>"; };
/* End PBXFileReference section */

/* Begin PBXFrameworksBuildPhase section */
		4AB64E21185B767A00D64442 /* Frameworks */ = {
			isa = PBXFrameworksBuildPhase;
			buildActionMask = 2147483647;
			files = (
				4AB64E2A185B767A00D64442 /* CoreGraphics.framework in Frameworks */,
				4AB64E2C185B767A00D64442 /* UIKit.framework in Frameworks */,
				4AB64E28185B767A00D64442 /* Foundation.framework in Frameworks */,
			);
			runOnlyForDeploymentPostprocessing = 0;
		};
		4AB64E3C185B767A00D64442 /* Frameworks */ = {
			isa = PBXFrameworksBuildPhase;
			buildActionMask = 2147483647;
			files = (
				4AB64E41185B767A00D64442 /* XCTest.framework in Frameworks */,
				4AB64E43185B767A00D64442 /* UIKit.framework in Frameworks */,
				4AB64E42185B767A00D64442 /* Foundation.framework in Frameworks */,
			);
			runOnlyForDeploymentPostprocessing = 0;
		};
/* End PBXFrameworksBuildPhase section */

/* Begin PBXGroup section */
		4A3A1D73185B8FE1007F9420 /* Resources */ = {
			isa = PBXGroup;
			children = (
				4AB7F0DE185BA1DA003974E6 /* Door1.png */,
				4AB7F0DF185BA1DA003974E6 /* Door2.png */,
				4AB7F0E0185BA1DA003974E6 /* Door3.png */,
				4AB7F0E1185BA1DA003974E6 /* Door4.png */,
				4AB7F0E2185BA1DA003974E6 /* Door5.png */,
				4AB7F0E3185BA1DA003974E6 /* Door6.png */,
				4AB7F0E4185BA1DA003974E6 /* Door7.png */,
				4AB7F0E5185BA1DA003974E6 /* Door8.png */,
				4AB7F0E6185BA1DA003974E6 /* Door9.png */,
				4AB7F0E7185BA1DA003974E6 /* Door10.png */,
				4AB7F0E8185BA1DA003974E6 /* Door11.png */,
				4AB7F0E9185BA1DA003974E6 /* Door12.png */,
				4AB7F0EA185BA1DA003974E6 /* Door13.png */,
				4AB7F0EB185BA1DA003974E6 /* Door14.png */,
				4AB7F0EC185BA1DA003974E6 /* Door15.png */,
				4AB7F0ED185BA1DA003974E6 /* Door16.png */,
				4AB7F0EE185BA1DA003974E6 /* Door17.png */,
				4AB7F0EF185BA1DA003974E6 /* Door18.png */,
				4AB7F0F0185BA1DA003974E6 /* Door19.png */,
				4AB7F0F1185BA1DA003974E6 /* Door20.png */,
				4AB7F0F2185BA1DA003974E6 /* Door21.png */,
				4AB7F0F3185BA1DA003974E6 /* Door22.png */,
				4AB7F0F4185BA1DA003974E6 /* Door23.png */,
				4AB7F0F5185BA1DA003974E6 /* Door24.png */,
				4AB7F0F6185BA1DA003974E6 /* Door25.png */,
				4AB7F0F7185BA1DA003974E6 /* Door26.png */,
				4AB7F0F8185BA1DA003974E6 /* Door27.png */,
				4AB7F0F9185BA1DA003974E6 /* Door28.png */,
				4AB7F0FA185BA1DA003974E6 /* Door29.png */,
				4AB7F0FB185BA1DA003974E6 /* Door30.png */,
				4AB7F0FC185BA1DA003974E6 /* Door31.png */,
				4AB7F0FD185BA1DA003974E6 /* Door32.png */,
				4AB7F0FE185BA1DA003974E6 /* Door33.png */,
				4AB7F0FF185BA1DA003974E6 /* Door34.png */,
				4AB7F100185BA1DA003974E6 /* Door35.png */,
				4AB7F101185BA1DA003974E6 /* Door36.png */,
				4AB7F102185BA1DA003974E6 /* Door37.png */,
				4AB7F103185BA1DA003974E6 /* Door38.png */,
				4AB7F104185BA1DA003974E6 /* Door39.png */,
				4AB7F105185BA1DA003974E6 /* Door40.png */,
				4AB7F106185BA1DA003974E6 /* Door41.png */,
				4AB7F107185BA1DA003974E6 /* Door42.png */,
			);
			name = Resources;
			sourceTree = "<group>";
		};
		4AB64E1B185B767A00D64442 = {
			isa = PBXGroup;
			children = (
				4AB64E2D185B767A00D64442 /* 20Mission */,
				4AB64E46185B767A00D64442 /* 20MissionTests */,
				4AB64E26185B767A00D64442 /* Frameworks */,
				4AB64E25185B767A00D64442 /* Products */,
			);
			sourceTree = "<group>";
		};
		4AB64E25185B767A00D64442 /* Products */ = {
			isa = PBXGroup;
			children = (
				4AB64E24185B767A00D64442 /* 20Mission.app */,
				4AB64E3F185B767A00D64442 /* 20MissionTests.xctest */,
			);
			name = Products;
			sourceTree = "<group>";
		};
		4AB64E26185B767A00D64442 /* Frameworks */ = {
			isa = PBXGroup;
			children = (
				4AB64E27185B767A00D64442 /* Foundation.framework */,
				4AB64E29185B767A00D64442 /* CoreGraphics.framework */,
				4AB64E2B185B767A00D64442 /* UIKit.framework */,
				4AB64E40185B767A00D64442 /* XCTest.framework */,
			);
			name = Frameworks;
			sourceTree = "<group>";
		};
		4AB64E2D185B767A00D64442 /* 20Mission */ = {
			isa = PBXGroup;
			children = (
				4AB64E57185B76DA00D64442 /* Model */,
				4AB64E56185B76CE00D64442 /* View */,
				4AFB4EF0185B8BAD009447EF /* Controller */,
				4A3A1D73185B8FE1007F9420 /* Resources */,
				4AB64E39185B767A00D64442 /* Images.xcassets */,
				4AB64E2E185B767A00D64442 /* Supporting Files */,
			);
			path = 20Mission;
			sourceTree = "<group>";
		};
		4AB64E2E185B767A00D64442 /* Supporting Files */ = {
			isa = PBXGroup;
			children = (
				4AB64E2F185B767A00D64442 /* 20Mission-Info.plist */,
				4AB64E30185B767A00D64442 /* InfoPlist.strings */,
				4AB64E33185B767A00D64442 /* main.m */,
				4AB64E35185B767A00D64442 /* 20Mission-Prefix.pch */,
			);
			name = "Supporting Files";
			sourceTree = "<group>";
		};
		4AB64E46185B767A00D64442 /* 20MissionTests */ = {
			isa = PBXGroup;
			children = (
				4AB64E4C185B767A00D64442 /* _0MissionTests.m */,
				4AB64E47185B767A00D64442 /* Supporting Files */,
			);
			path = 20MissionTests;
			sourceTree = "<group>";
		};
		4AB64E47185B767A00D64442 /* Supporting Files */ = {
			isa = PBXGroup;
			children = (
				4AB64E48185B767A00D64442 /* 20MissionTests-Info.plist */,
				4AB64E49185B767A00D64442 /* InfoPlist.strings */,
			);
			name = "Supporting Files";
			sourceTree = "<group>";
		};
		4AB64E56185B76CE00D64442 /* View */ = {
			isa = PBXGroup;
			children = (
				4AFB4EED185B8BA6009447EF /* RWDoorCollectionViewCell.h */,
				4AFB4EEE185B8BA6009447EF /* RWDoorCollectionViewCell.m */,
			);
			name = View;
			sourceTree = "<group>";
		};
		4AB64E57185B76DA00D64442 /* Model */ = {
			isa = PBXGroup;
			children = (
			);
			name = Model;
			sourceTree = "<group>";
		};
		4AFB4EF0185B8BAD009447EF /* Controller */ = {
			isa = PBXGroup;
			children = (
				4AB64E5B185B794200D64442 /* RWHomeViewController.h */,
				4AB64E5C185B794300D64442 /* RWHomeViewController.m */,
				4AB64E36185B767A00D64442 /* AppDelegate.h */,
				4AB64E37185B767A00D64442 /* AppDelegate.m */,
			);
			name = Controller;
			sourceTree = "<group>";
		};
/* End PBXGroup section */

/* Begin PBXNativeTarget section */
		4AB64E23185B767A00D64442 /* 20Mission */ = {
			isa = PBXNativeTarget;
			buildConfigurationList = 4AB64E50185B767A00D64442 /* Build configuration list for PBXNativeTarget "20Mission" */;
			buildPhases = (
				4AB64E20185B767A00D64442 /* Sources */,
				4AB64E21185B767A00D64442 /* Frameworks */,
				4AB64E22185B767A00D64442 /* Resources */,
			);
			buildRules = (
			);
			dependencies = (
			);
			name = 20Mission;
			productName = 20Mission;
			productReference = 4AB64E24185B767A00D64442 /* 20Mission.app */;
			productType = "com.apple.product-type.application";
		};
		4AB64E3E185B767A00D64442 /* 20MissionTests */ = {
			isa = PBXNativeTarget;
			buildConfigurationList = 4AB64E53185B767A00D64442 /* Build configuration list for PBXNativeTarget "20MissionTests" */;
			buildPhases = (
				4AB64E3B185B767A00D64442 /* Sources */,
				4AB64E3C185B767A00D64442 /* Frameworks */,
				4AB64E3D185B767A00D64442 /* Resources */,
			);
			buildRules = (
			);
			dependencies = (
				4AB64E45185B767A00D64442 /* PBXTargetDependency */,
			);
			name = 20MissionTests;
			productName = 20MissionTests;
			productReference = 4AB64E3F185B767A00D64442 /* 20MissionTests.xctest */;
			productType = "com.apple.product-type.bundle.unit-test";
		};
/* End PBXNativeTarget section */

/* Begin PBXProject section */
		4AB64E1C185B767A00D64442 /* Project object */ = {
			isa = PBXProject;
			attributes = {
				LastUpgradeCheck = 0500;
				ORGANIZATIONNAME = "Robert Wagstaff";
				TargetAttributes = {
					4AB64E3E185B767A00D64442 = {
						TestTargetID = 4AB64E23185B767A00D64442;
					};
				};
			};
			buildConfigurationList = 4AB64E1F185B767A00D64442 /* Build configuration list for PBXProject "20Mission" */;
			compatibilityVersion = "Xcode 3.2";
			developmentRegion = English;
			hasScannedForEncodings = 0;
			knownRegions = (
				en,
			);
			mainGroup = 4AB64E1B185B767A00D64442;
			productRefGroup = 4AB64E25185B767A00D64442 /* Products */;
			projectDirPath = "";
			projectRoot = "";
			targets = (
				4AB64E23185B767A00D64442 /* 20Mission */,
				4AB64E3E185B767A00D64442 /* 20MissionTests */,
			);
		};
/* End PBXProject section */

/* Begin PBXResourcesBuildPhase section */
		4AB64E22185B767A00D64442 /* Resources */ = {
			isa = PBXResourcesBuildPhase;
			buildActionMask = 2147483647;
			files = (
				4AB7F112185BA1DA003974E6 /* Door11.png in Resources */,
				4AB7F126185BA1DA003974E6 /* Door31.png in Resources */,
				4AB7F118185BA1DA003974E6 /* Door17.png in Resources */,
				4AB7F12F185BA1DA003974E6 /* Door40.png in Resources */,
				4AB64E32185B767A00D64442 /* InfoPlist.strings in Resources */,
				4AB7F122185BA1DA003974E6 /* Door27.png in Resources */,
				4AB7F113185BA1DA003974E6 /* Door12.png in Resources */,
				4AB7F11C185BA1DA003974E6 /* Door21.png in Resources */,
				4AB7F120185BA1DA003974E6 /* Door25.png in Resources */,
				4AB7F11D185BA1DA003974E6 /* Door22.png in Resources */,
				4AB7F124185BA1DA003974E6 /* Door29.png in Resources */,
				4AB7F114185BA1DA003974E6 /* Door13.png in Resources */,
				4AB7F130185BA1DA003974E6 /* Door41.png in Resources */,
				4AB64E3A185B767A00D64442 /* Images.xcassets in Resources */,
				4AB7F11E185BA1DA003974E6 /* Door23.png in Resources */,
				4AB7F12C185BA1DA003974E6 /* Door37.png in Resources */,
				4AB7F12E185BA1DA003974E6 /* Door39.png in Resources */,
				4AB7F10F185BA1DA003974E6 /* Door8.png in Resources */,
				4AB7F115185BA1DA003974E6 /* Door14.png in Resources */,
				4AB7F10B185BA1DA003974E6 /* Door4.png in Resources */,
				4AB7F129185BA1DA003974E6 /* Door34.png in Resources */,
				4AB7F11A185BA1DA003974E6 /* Door19.png in Resources */,
				4AB7F11F185BA1DA003974E6 /* Door24.png in Resources */,
				4AB7F10A185BA1DA003974E6 /* Door3.png in Resources */,
				4AB7F12B185BA1DA003974E6 /* Door36.png in Resources */,
				4AB7F12A185BA1DA003974E6 /* Door35.png in Resources */,
				4AB7F110185BA1DA003974E6 /* Door9.png in Resources */,
				4AB7F111185BA1DA003974E6 /* Door10.png in Resources */,
				4AB7F125185BA1DA003974E6 /* Door30.png in Resources */,
				4AB7F109185BA1DA003974E6 /* Door2.png in Resources */,
				4AB7F117185BA1DA003974E6 /* Door16.png in Resources */,
				4AB7F131185BA1DA003974E6 /* Door42.png in Resources */,
				4AB7F12D185BA1DA003974E6 /* Door38.png in Resources */,
				4AB7F11B185BA1DA003974E6 /* Door20.png in Resources */,
				4AB7F121185BA1DA003974E6 /* Door26.png in Resources */,
				4AB7F123185BA1DA003974E6 /* Door28.png in Resources */,
				4AB7F10E185BA1DA003974E6 /* Door7.png in Resources */,
				4AB7F127185BA1DA003974E6 /* Door32.png in Resources */,
				4AB7F10C185BA1DA003974E6 /* Door5.png in Resources */,
				4AB7F10D185BA1DA003974E6 /* Door6.png in Resources */,
				4AB7F108185BA1DA003974E6 /* Door1.png in Resources */,
				4AB7F119185BA1DA003974E6 /* Door18.png in Resources */,
				4AB7F128185BA1DA003974E6 /* Door33.png in Resources */,
				4AB7F116185BA1DA003974E6 /* Door15.png in Resources */,
			);
			runOnlyForDeploymentPostprocessing = 0;
		};
		4AB64E3D185B767A00D64442 /* Resources */ = {
			isa = PBXResourcesBuildPhase;
			buildActionMask = 2147483647;
			files = (
				4AB64E4B185B767A00D64442 /* InfoPlist.strings in Resources */,
			);
			runOnlyForDeploymentPostprocessing = 0;
		};
/* End PBXResourcesBuildPhase section */

/* Begin PBXSourcesBuildPhase section */
		4AB64E20185B767A00D64442 /* Sources */ = {
			isa = PBXSourcesBuildPhase;
			buildActionMask = 2147483647;
			files = (
				4AB64E38185B767A00D64442 /* AppDelegate.m in Sources */,
				4AB64E34185B767A00D64442 /* main.m in Sources */,
				4AFB4EEF185B8BA6009447EF /* RWDoorCollectionViewCell.m in Sources */,
				4AB64E5D185B794300D64442 /* RWHomeViewController.m in Sources */,
			);
			runOnlyForDeploymentPostprocessing = 0;
		};
		4AB64E3B185B767A00D64442 /* Sources */ = {
			isa = PBXSourcesBuildPhase;
			buildActionMask = 2147483647;
			files = (
				4AB64E4D185B767A00D64442 /* _0MissionTests.m in Sources */,
			);
			runOnlyForDeploymentPostprocessing = 0;
		};
/* End PBXSourcesBuildPhase section */

/* Begin PBXTargetDependency section */
		4AB64E45185B767A00D64442 /* PBXTargetDependency */ = {
			isa = PBXTargetDependency;
			target = 4AB64E23185B767A00D64442 /* 20Mission */;
			targetProxy = 4AB64E44185B767A00D64442 /* PBXContainerItemProxy */;
		};
/* End PBXTargetDependency section */

/* Begin PBXVariantGroup section */
		4AB64E30185B767A00D64442 /* InfoPlist.strings */ = {
			isa = PBXVariantGroup;
			children = (
				4AB64E31185B767A00D64442 /* en */,
			);
			name = InfoPlist.strings;
			sourceTree = "<group>";
		};
		4AB64E49185B767A00D64442 /* InfoPlist.strings */ = {
			isa = PBXVariantGroup;
			children = (
				4AB64E4A185B767A00D64442 /* en */,
			);
			name = InfoPlist.strings;
			sourceTree = "<group>";
		};
/* End PBXVariantGroup section */

/* Begin XCBuildConfiguration section */
		4AB64E4E185B767A00D64442 /* Debug */ = {
			isa = XCBuildConfiguration;
			buildSettings = {
				ALWAYS_SEARCH_USER_PATHS = NO;
				ARCHS = "$(ARCHS_STANDARD_INCLUDING_64_BIT)";
				CLANG_CXX_LANGUAGE_STANDARD = "gnu++0x";
				CLANG_CXX_LIBRARY = "libc++";
				CLANG_ENABLE_MODULES = YES;
				CLANG_ENABLE_OBJC_ARC = YES;
				CLANG_WARN_BOOL_CONVERSION = YES;
				CLANG_WARN_CONSTANT_CONVERSION = YES;
				CLANG_WARN_DIRECT_OBJC_ISA_USAGE = YES_ERROR;
				CLANG_WARN_EMPTY_BODY = YES;
				CLANG_WARN_ENUM_CONVERSION = YES;
				CLANG_WARN_INT_CONVERSION = YES;
				CLANG_WARN_OBJC_ROOT_CLASS = YES_ERROR;
				CLANG_WARN__DUPLICATE_METHOD_MATCH = YES;
				"CODE_SIGN_IDENTITY[sdk=iphoneos*]" = "iPhone Developer";
				COPY_PHASE_STRIP = NO;
				GCC_C_LANGUAGE_STANDARD = gnu99;
				GCC_DYNAMIC_NO_PIC = NO;
				GCC_OPTIMIZATION_LEVEL = 0;
				GCC_PREPROCESSOR_DEFINITIONS = (
					"DEBUG=1",
					"$(inherited)",
				);
				GCC_SYMBOLS_PRIVATE_EXTERN = NO;
				GCC_WARN_64_TO_32_BIT_CONVERSION = YES;
				GCC_WARN_ABOUT_RETURN_TYPE = YES_ERROR;
				GCC_WARN_UNDECLARED_SELECTOR = YES;
				GCC_WARN_UNINITIALIZED_AUTOS = YES;
				GCC_WARN_UNUSED_FUNCTION = YES;
				GCC_WARN_UNUSED_VARIABLE = YES;
				IPHONEOS_DEPLOYMENT_TARGET = 7.0;
				ONLY_ACTIVE_ARCH = YES;
				SDKROOT = iphoneos;
				TARGETED_DEVICE_FAMILY = "1,2";
			};
			name = Debug;
		};
		4AB64E4F185B767A00D64442 /* Release */ = {
			isa = XCBuildConfiguration;
			buildSettings = {
				ALWAYS_SEARCH_USER_PATHS = NO;
				ARCHS = "$(ARCHS_STANDARD_INCLUDING_64_BIT)";
				CLANG_CXX_LANGUAGE_STANDARD = "gnu++0x";
				CLANG_CXX_LIBRARY = "libc++";
				CLANG_ENABLE_MODULES = YES;
				CLANG_ENABLE_OBJC_ARC = YES;
				CLANG_WARN_BOOL_CONVERSION = YES;
				CLANG_WARN_CONSTANT_CONVERSION = YES;
				CLANG_WARN_DIRECT_OBJC_ISA_USAGE = YES_ERROR;
				CLANG_WARN_EMPTY_BODY = YES;
				CLANG_WARN_ENUM_CONVERSION = YES;
				CLANG_WARN_INT_CONVERSION = YES;
				CLANG_WARN_OBJC_ROOT_CLASS = YES_ERROR;
				CLANG_WARN__DUPLICATE_METHOD_MATCH = YES;
				"CODE_SIGN_IDENTITY[sdk=iphoneos*]" = "iPhone Developer";
				COPY_PHASE_STRIP = YES;
				ENABLE_NS_ASSERTIONS = NO;
				GCC_C_LANGUAGE_STANDARD = gnu99;
				GCC_WARN_64_TO_32_BIT_CONVERSION = YES;
				GCC_WARN_ABOUT_RETURN_TYPE = YES_ERROR;
				GCC_WARN_UNDECLARED_SELECTOR = YES;
				GCC_WARN_UNINITIALIZED_AUTOS = YES;
				GCC_WARN_UNUSED_FUNCTION = YES;
				GCC_WARN_UNUSED_VARIABLE = YES;
				IPHONEOS_DEPLOYMENT_TARGET = 7.0;
				SDKROOT = iphoneos;
				TARGETED_DEVICE_FAMILY = "1,2";
				VALIDATE_PRODUCT = YES;
			};
			name = Release;
		};
		4AB64E51185B767A00D64442 /* Debug */ = {
			isa = XCBuildConfiguration;
			buildSettings = {
				ASSETCATALOG_COMPILER_APPICON_NAME = AppIcon;
				ASSETCATALOG_COMPILER_LAUNCHIMAGE_NAME = LaunchImage;
				GCC_PRECOMPILE_PREFIX_HEADER = YES;
				GCC_PREFIX_HEADER = "20Mission/20Mission-Prefix.pch";
				INFOPLIST_FILE = "20Mission/20Mission-Info.plist";
				PRODUCT_NAME = "$(TARGET_NAME)";
				WRAPPER_EXTENSION = app;
			};
			name = Debug;
		};
		4AB64E52185B767A00D64442 /* Release */ = {
			isa = XCBuildConfiguration;
			buildSettings = {
				ASSETCATALOG_COMPILER_APPICON_NAME = AppIcon;
				ASSETCATALOG_COMPILER_LAUNCHIMAGE_NAME = LaunchImage;
				GCC_PRECOMPILE_PREFIX_HEADER = YES;
				GCC_PREFIX_HEADER = "20Mission/20Mission-Prefix.pch";
				INFOPLIST_FILE = "20Mission/20Mission-Info.plist";
				PRODUCT_NAME = "$(TARGET_NAME)";
				WRAPPER_EXTENSION = app;
			};
			name = Release;
		};
		4AB64E54185B767A00D64442 /* Debug */ = {
			isa = XCBuildConfiguration;
			buildSettings = {
				ARCHS = "$(ARCHS_STANDARD_INCLUDING_64_BIT)";
				BUNDLE_LOADER = "$(BUILT_PRODUCTS_DIR)/20Mission.app/20Mission";
				FRAMEWORK_SEARCH_PATHS = (
					"$(SDKROOT)/Developer/Library/Frameworks",
					"$(inherited)",
					"$(DEVELOPER_FRAMEWORKS_DIR)",
				);
				GCC_PRECOMPILE_PREFIX_HEADER = YES;
				GCC_PREFIX_HEADER = "20Mission/20Mission-Prefix.pch";
				GCC_PREPROCESSOR_DEFINITIONS = (
					"DEBUG=1",
					"$(inherited)",
				);
				INFOPLIST_FILE = "20MissionTests/20MissionTests-Info.plist";
				PRODUCT_NAME = "$(TARGET_NAME)";
				TEST_HOST = "$(BUNDLE_LOADER)";
				WRAPPER_EXTENSION = xctest;
			};
			name = Debug;
		};
		4AB64E55185B767A00D64442 /* Release */ = {
			isa = XCBuildConfiguration;
			buildSettings = {
				ARCHS = "$(ARCHS_STANDARD_INCLUDING_64_BIT)";
				BUNDLE_LOADER = "$(BUILT_PRODUCTS_DIR)/20Mission.app/20Mission";
				FRAMEWORK_SEARCH_PATHS = (
					"$(SDKROOT)/Developer/Library/Frameworks",
					"$(inherited)",
					"$(DEVELOPER_FRAMEWORKS_DIR)",
				);
				GCC_PRECOMPILE_PREFIX_HEADER = YES;
				GCC_PREFIX_HEADER = "20Mission/20Mission-Prefix.pch";
				INFOPLIST_FILE = "20MissionTests/20MissionTests-Info.plist";
				PRODUCT_NAME = "$(TARGET_NAME)";
				TEST_HOST = "$(BUNDLE_LOADER)";
				WRAPPER_EXTENSION = xctest;
			};
			name = Release;
		};
/* End XCBuildConfiguration section */

/* Begin XCConfigurationList section */
		4AB64E1F185B767A00D64442 /* Build configuration list for PBXProject "20Mission" */ = {
			isa = XCConfigurationList;
			buildConfigurations = (
				4AB64E4E185B767A00D64442 /* Debug */,
				4AB64E4F185B767A00D64442 /* Release */,
			);
			defaultConfigurationIsVisible = 0;
			defaultConfigurationName = Release;
		};
		4AB64E50185B767A00D64442 /* Build configuration list for PBXNativeTarget "20Mission" */ = {
			isa = XCConfigurationList;
			buildConfigurations = (
				4AB64E51185B767A00D64442 /* Debug */,
				4AB64E52185B767A00D64442 /* Release */,
			);
			defaultConfigurationIsVisible = 0;
			defaultConfigurationName = Release;
		};
		4AB64E53185B767A00D64442 /* Build configuration list for PBXNativeTarget "20MissionTests" */ = {
			isa = XCConfigurationList;
			buildConfigurations = (
				4AB64E54185B767A00D64442 /* Debug */,
				4AB64E55185B767A00D64442 /* Release */,
			);
			defaultConfigurationIsVisible = 0;
			defaultConfigurationName = Release;
		};
/* End XCConfigurationList section */
	};
	rootObject = 4AB64E1C185B767A00D64442 /* Project object */;
}
